// !$*UTF8*$!
{
	archiveVersion = 1;
	classes = {
	};
	objectVersion = 56;
	objects = {

/* Begin PBXBuildFile section */
		4C1558452B10DAF80008F644 /* AppDelegate.swift in Sources */ = {isa = PBXBuildFile; fileRef = 4C1558442B10DAF80008F644 /* AppDelegate.swift */; };
		4C1558472B10DAF80008F644 /* SceneDelegate.swift in Sources */ = {isa = PBXBuildFile; fileRef = 4C1558462B10DAF80008F644 /* SceneDelegate.swift */; };
		4C1558492B10DAF80008F644 /* ViewController.swift in Sources */ = {isa = PBXBuildFile; fileRef = 4C1558482B10DAF80008F644 /* ViewController.swift */; };
		4C15584C2B10DAF80008F644 /* Main.storyboard in Resources */ = {isa = PBXBuildFile; fileRef = 4C15584A2B10DAF80008F644 /* Main.storyboard */; };
		4C15584E2B10DAF80008F644 /* Assets.xcassets in Resources */ = {isa = PBXBuildFile; fileRef = 4C15584D2B10DAF80008F644 /* Assets.xcassets */; };
		4C1558512B10DAF80008F644 /* LaunchScreen.storyboard in Resources */ = {isa = PBXBuildFile; fileRef = 4C15584F2B10DAF80008F644 /* LaunchScreen.storyboard */; };
		4C15585C2B10DAF90008F644 /* CleanYourCityTests.swift in Sources */ = {isa = PBXBuildFile; fileRef = 4C15585B2B10DAF90008F644 /* CleanYourCityTests.swift */; };
		4C1558662B10DAF90008F644 /* CleanYourCityUITests.swift in Sources */ = {isa = PBXBuildFile; fileRef = 4C1558652B10DAF90008F644 /* CleanYourCityUITests.swift */; };
		4C1558682B10DAF90008F644 /* CleanYourCityUITestsLaunchTests.swift in Sources */ = {isa = PBXBuildFile; fileRef = 4C1558672B10DAF90008F644 /* CleanYourCityUITestsLaunchTests.swift */; };
		4C15587D2B10FA8D0008F644 /* MapView.swift in Sources */ = {isa = PBXBuildFile; fileRef = 4C15587B2B10FA8D0008F644 /* MapView.swift */; };
		4C15587E2B10FA8D0008F644 /* MapView.xib in Resources */ = {isa = PBXBuildFile; fileRef = 4C15587C2B10FA8D0008F644 /* MapView.xib */; };
		4C1558812B10FA9E0008F644 /* CameraView.swift in Sources */ = {isa = PBXBuildFile; fileRef = 4C15587F2B10FA9E0008F644 /* CameraView.swift */; };
		4C1558822B10FA9E0008F644 /* CameraView.xib in Resources */ = {isa = PBXBuildFile; fileRef = 4C1558802B10FA9E0008F644 /* CameraView.xib */; };
		4C1558852B10FAAD0008F644 /* DataView.swift in Sources */ = {isa = PBXBuildFile; fileRef = 4C1558832B10FAAD0008F644 /* DataView.swift */; };
		4C1558862B10FAAD0008F644 /* DataView.xib in Resources */ = {isa = PBXBuildFile; fileRef = 4C1558842B10FAAD0008F644 /* DataView.xib */; };
/* End PBXBuildFile section */

/* Begin PBXContainerItemProxy section */
		4C1558582B10DAF90008F644 /* PBXContainerItemProxy */ = {
			isa = PBXContainerItemProxy;
			containerPortal = 4C1558392B10DAF80008F644 /* Project object */;
			proxyType = 1;
			remoteGlobalIDString = 4C1558402B10DAF80008F644;
			remoteInfo = CleanYourCity;
		};
		4C1558622B10DAF90008F644 /* PBXContainerItemProxy */ = {
			isa = PBXContainerItemProxy;
			containerPortal = 4C1558392B10DAF80008F644 /* Project object */;
			proxyType = 1;
			remoteGlobalIDString = 4C1558402B10DAF80008F644;
			remoteInfo = CleanYourCity;
		};
/* End PBXContainerItemProxy section */

/* Begin PBXFileReference section */
		4C1558412B10DAF80008F644 /* CleanYourCity.app */ = {isa = PBXFileReference; explicitFileType = wrapper.application; includeInIndex = 0; path = CleanYourCity.app; sourceTree = BUILT_PRODUCTS_DIR; };
		4C1558442B10DAF80008F644 /* AppDelegate.swift */ = {isa = PBXFileReference; lastKnownFileType = sourcecode.swift; path = AppDelegate.swift; sourceTree = "<group>"; };
		4C1558462B10DAF80008F644 /* SceneDelegate.swift */ = {isa = PBXFileReference; lastKnownFileType = sourcecode.swift; path = SceneDelegate.swift; sourceTree = "<group>"; };
		4C1558482B10DAF80008F644 /* ViewController.swift */ = {isa = PBXFileReference; lastKnownFileType = sourcecode.swift; path = ViewController.swift; sourceTree = "<group>"; };
		4C15584B2B10DAF80008F644 /* Base */ = {isa = PBXFileReference; lastKnownFileType = file.storyboard; name = Base; path = Base.lproj/Main.storyboard; sourceTree = "<group>"; };
		4C15584D2B10DAF80008F644 /* Assets.xcassets */ = {isa = PBXFileReference; lastKnownFileType = folder.assetcatalog; path = Assets.xcassets; sourceTree = "<group>"; };
		4C1558502B10DAF80008F644 /* Base */ = {isa = PBXFileReference; lastKnownFileType = file.storyboard; name = Base; path = Base.lproj/LaunchScreen.storyboard; sourceTree = "<group>"; };
		4C1558522B10DAF80008F644 /* Info.plist */ = {isa = PBXFileReference; lastKnownFileType = text.plist.xml; path = Info.plist; sourceTree = "<group>"; };
		4C1558572B10DAF90008F644 /* CleanYourCityTests.xctest */ = {isa = PBXFileReference; explicitFileType = wrapper.cfbundle; includeInIndex = 0; path = CleanYourCityTests.xctest; sourceTree = BUILT_PRODUCTS_DIR; };
		4C15585B2B10DAF90008F644 /* CleanYourCityTests.swift */ = {isa = PBXFileReference; lastKnownFileType = sourcecode.swift; path = CleanYourCityTests.swift; sourceTree = "<group>"; };
		4C1558612B10DAF90008F644 /* CleanYourCityUITests.xctest */ = {isa = PBXFileReference; explicitFileType = wrapper.cfbundle; includeInIndex = 0; path = CleanYourCityUITests.xctest; sourceTree = BUILT_PRODUCTS_DIR; };
		4C1558652B10DAF90008F644 /* CleanYourCityUITests.swift */ = {isa = PBXFileReference; lastKnownFileType = sourcecode.swift; path = CleanYourCityUITests.swift; sourceTree = "<group>"; };
		4C1558672B10DAF90008F644 /* CleanYourCityUITestsLaunchTests.swift */ = {isa = PBXFileReference; lastKnownFileType = sourcecode.swift; path = CleanYourCityUITestsLaunchTests.swift; sourceTree = "<group>"; };
		4C15587B2B10FA8D0008F644 /* MapView.swift */ = {isa = PBXFileReference; lastKnownFileType = sourcecode.swift; path = MapView.swift; sourceTree = "<group>"; };
		4C15587C2B10FA8D0008F644 /* MapView.xib */ = {isa = PBXFileReference; lastKnownFileType = file.xib; path = MapView.xib; sourceTree = "<group>"; };
		4C15587F2B10FA9E0008F644 /* CameraView.swift */ = {isa = PBXFileReference; lastKnownFileType = sourcecode.swift; path = CameraView.swift; sourceTree = "<group>"; };
		4C1558802B10FA9E0008F644 /* CameraView.xib */ = {isa = PBXFileReference; lastKnownFileType = file.xib; path = CameraView.xib; sourceTree = "<group>"; };
		4C1558832B10FAAD0008F644 /* DataView.swift */ = {isa = PBXFileReference; lastKnownFileType = sourcecode.swift; path = DataView.swift; sourceTree = "<group>"; };
		4C1558842B10FAAD0008F644 /* DataView.xib */ = {isa = PBXFileReference; lastKnownFileType = file.xib; path = DataView.xib; sourceTree = "<group>"; };
/* End PBXFileReference section */

/* Begin PBXFrameworksBuildPhase section */
		4C15583E2B10DAF80008F644 /* Frameworks */ = {
			isa = PBXFrameworksBuildPhase;
			buildActionMask = 2147483647;
			files = (
			);
			runOnlyForDeploymentPostprocessing = 0;
		};
		4C1558542B10DAF90008F644 /* Frameworks */ = {
			isa = PBXFrameworksBuildPhase;
			buildActionMask = 2147483647;
			files = (
			);
			runOnlyForDeploymentPostprocessing = 0;
		};
		4C15585E2B10DAF90008F644 /* Frameworks */ = {
			isa = PBXFrameworksBuildPhase;
			buildActionMask = 2147483647;
			files = (
			);
			runOnlyForDeploymentPostprocessing = 0;
		};
/* End PBXFrameworksBuildPhase section */

/* Begin PBXGroup section */
		4C1558382B10DAF80008F644 = {
			isa = PBXGroup;
			children = (
				4C1558432B10DAF80008F644 /* CleanYourCity */,
				4C15585A2B10DAF90008F644 /* CleanYourCityTests */,
				4C1558642B10DAF90008F644 /* CleanYourCityUITests */,
				4C1558422B10DAF80008F644 /* Products */,
			);
			sourceTree = "<group>";
		};
		4C1558422B10DAF80008F644 /* Products */ = {
			isa = PBXGroup;
			children = (
				4C1558412B10DAF80008F644 /* CleanYourCity.app */,
				4C1558572B10DAF90008F644 /* CleanYourCityTests.xctest */,
				4C1558612B10DAF90008F644 /* CleanYourCityUITests.xctest */,
			);
			name = Products;
			sourceTree = "<group>";
		};
		4C1558432B10DAF80008F644 /* CleanYourCity */ = {
			isa = PBXGroup;
			children = (
				4C1558742B10F6EE0008F644 /* Views */,
				4C1558442B10DAF80008F644 /* AppDelegate.swift */,
				4C1558462B10DAF80008F644 /* SceneDelegate.swift */,
				4C1558482B10DAF80008F644 /* ViewController.swift */,
				4C15584A2B10DAF80008F644 /* Main.storyboard */,
				4C15584D2B10DAF80008F644 /* Assets.xcassets */,
				4C15584F2B10DAF80008F644 /* LaunchScreen.storyboard */,
				4C1558522B10DAF80008F644 /* Info.plist */,
			);
			path = CleanYourCity;
			sourceTree = "<group>";
		};
		4C15585A2B10DAF90008F644 /* CleanYourCityTests */ = {
			isa = PBXGroup;
			children = (
				4C15585B2B10DAF90008F644 /* CleanYourCityTests.swift */,
			);
			path = CleanYourCityTests;
			sourceTree = "<group>";
		};
		4C1558642B10DAF90008F644 /* CleanYourCityUITests */ = {
			isa = PBXGroup;
			children = (
				4C1558652B10DAF90008F644 /* CleanYourCityUITests.swift */,
				4C1558672B10DAF90008F644 /* CleanYourCityUITestsLaunchTests.swift */,
			);
			path = CleanYourCityUITests;
			sourceTree = "<group>";
		};
		4C1558742B10F6EE0008F644 /* Views */ = {
			isa = PBXGroup;
			children = (
				4C15587B2B10FA8D0008F644 /* MapView.swift */,
				4C15587C2B10FA8D0008F644 /* MapView.xib */,
				4C15587F2B10FA9E0008F644 /* CameraView.swift */,
				4C1558802B10FA9E0008F644 /* CameraView.xib */,
				4C1558832B10FAAD0008F644 /* DataView.swift */,
				4C1558842B10FAAD0008F644 /* DataView.xib */,
			);
			path = Views;
			sourceTree = "<group>";
		};
/* End PBXGroup section */

/* Begin PBXNativeTarget section */
		4C1558402B10DAF80008F644 /* CleanYourCity */ = {
			isa = PBXNativeTarget;
			buildConfigurationList = 4C15586B2B10DAF90008F644 /* Build configuration list for PBXNativeTarget "CleanYourCity" */;
			buildPhases = (
				4C15583D2B10DAF80008F644 /* Sources */,
				4C15583E2B10DAF80008F644 /* Frameworks */,
				4C15583F2B10DAF80008F644 /* Resources */,
			);
			buildRules = (
			);
			dependencies = (
			);
			name = CleanYourCity;
			productName = CleanYourCity;
			productReference = 4C1558412B10DAF80008F644 /* CleanYourCity.app */;
			productType = "com.apple.product-type.application";
		};
		4C1558562B10DAF90008F644 /* CleanYourCityTests */ = {
			isa = PBXNativeTarget;
			buildConfigurationList = 4C15586E2B10DAF90008F644 /* Build configuration list for PBXNativeTarget "CleanYourCityTests" */;
			buildPhases = (
				4C1558532B10DAF90008F644 /* Sources */,
				4C1558542B10DAF90008F644 /* Frameworks */,
				4C1558552B10DAF90008F644 /* Resources */,
			);
			buildRules = (
			);
			dependencies = (
				4C1558592B10DAF90008F644 /* PBXTargetDependency */,
			);
			name = CleanYourCityTests;
			productName = CleanYourCityTests;
			productReference = 4C1558572B10DAF90008F644 /* CleanYourCityTests.xctest */;
			productType = "com.apple.product-type.bundle.unit-test";
		};
		4C1558602B10DAF90008F644 /* CleanYourCityUITests */ = {
			isa = PBXNativeTarget;
			buildConfigurationList = 4C1558712B10DAF90008F644 /* Build configuration list for PBXNativeTarget "CleanYourCityUITests" */;
			buildPhases = (
				4C15585D2B10DAF90008F644 /* Sources */,
				4C15585E2B10DAF90008F644 /* Frameworks */,
				4C15585F2B10DAF90008F644 /* Resources */,
			);
			buildRules = (
			);
			dependencies = (
				4C1558632B10DAF90008F644 /* PBXTargetDependency */,
			);
			name = CleanYourCityUITests;
			productName = CleanYourCityUITests;
			productReference = 4C1558612B10DAF90008F644 /* CleanYourCityUITests.xctest */;
			productType = "com.apple.product-type.bundle.ui-testing";
		};
/* End PBXNativeTarget section */

/* Begin PBXProject section */
		4C1558392B10DAF80008F644 /* Project object */ = {
			isa = PBXProject;
			attributes = {
				BuildIndependentTargetsInParallel = 1;
				LastSwiftUpdateCheck = 1500;
				LastUpgradeCheck = 1500;
				TargetAttributes = {
					4C1558402B10DAF80008F644 = {
						CreatedOnToolsVersion = 15.0.1;
					};
					4C1558562B10DAF90008F644 = {
						CreatedOnToolsVersion = 15.0.1;
						TestTargetID = 4C1558402B10DAF80008F644;
					};
					4C1558602B10DAF90008F644 = {
						CreatedOnToolsVersion = 15.0.1;
						TestTargetID = 4C1558402B10DAF80008F644;
					};
				};
			};
			buildConfigurationList = 4C15583C2B10DAF80008F644 /* Build configuration list for PBXProject "CleanYourCity" */;
			compatibilityVersion = "Xcode 14.0";
			developmentRegion = en;
			hasScannedForEncodings = 0;
			knownRegions = (
				en,
				Base,
			);
			mainGroup = 4C1558382B10DAF80008F644;
			productRefGroup = 4C1558422B10DAF80008F644 /* Products */;
			projectDirPath = "";
			projectRoot = "";
			targets = (
				4C1558402B10DAF80008F644 /* CleanYourCity */,
				4C1558562B10DAF90008F644 /* CleanYourCityTests */,
				4C1558602B10DAF90008F644 /* CleanYourCityUITests */,
			);
		};
/* End PBXProject section */

/* Begin PBXResourcesBuildPhase section */
		4C15583F2B10DAF80008F644 /* Resources */ = {
			isa = PBXResourcesBuildPhase;
			buildActionMask = 2147483647;
			files = (
				4C1558862B10FAAD0008F644 /* DataView.xib in Resources */,
				4C1558512B10DAF80008F644 /* LaunchScreen.storyboard in Resources */,
				4C15587E2B10FA8D0008F644 /* MapView.xib in Resources */,
				4C1558822B10FA9E0008F644 /* CameraView.xib in Resources */,
				4C15584E2B10DAF80008F644 /* Assets.xcassets in Resources */,
				4C15584C2B10DAF80008F644 /* Main.storyboard in Resources */,
			);
			runOnlyForDeploymentPostprocessing = 0;
		};
		4C1558552B10DAF90008F644 /* Resources */ = {
			isa = PBXResourcesBuildPhase;
			buildActionMask = 2147483647;
			files = (
			);
			runOnlyForDeploymentPostprocessing = 0;
		};
		4C15585F2B10DAF90008F644 /* Resources */ = {
			isa = PBXResourcesBuildPhase;
			buildActionMask = 2147483647;
			files = (
			);
			runOnlyForDeploymentPostprocessing = 0;
		};
/* End PBXResourcesBuildPhase section */

/* Begin PBXSourcesBuildPhase section */
		4C15583D2B10DAF80008F644 /* Sources */ = {
			isa = PBXSourcesBuildPhase;
			buildActionMask = 2147483647;
			files = (
				4C1558852B10FAAD0008F644 /* DataView.swift in Sources */,
				4C1558492B10DAF80008F644 /* ViewController.swift in Sources */,
				4C15587D2B10FA8D0008F644 /* MapView.swift in Sources */,
				4C1558452B10DAF80008F644 /* AppDelegate.swift in Sources */,
				4C1558812B10FA9E0008F644 /* CameraView.swift in Sources */,
				4C1558472B10DAF80008F644 /* SceneDelegate.swift in Sources */,
			);
			runOnlyForDeploymentPostprocessing = 0;
		};
		4C1558532B10DAF90008F644 /* Sources */ = {
			isa = PBXSourcesBuildPhase;
			buildActionMask = 2147483647;
			files = (
				4C15585C2B10DAF90008F644 /* CleanYourCityTests.swift in Sources */,
			);
			runOnlyForDeploymentPostprocessing = 0;
		};
		4C15585D2B10DAF90008F644 /* Sources */ = {
			isa = PBXSourcesBuildPhase;
			buildActionMask = 2147483647;
			files = (
				4C1558682B10DAF90008F644 /* CleanYourCityUITestsLaunchTests.swift in Sources */,
				4C1558662B10DAF90008F644 /* CleanYourCityUITests.swift in Sources */,
			);
			runOnlyForDeploymentPostprocessing = 0;
		};
/* End PBXSourcesBuildPhase section */

/* Begin PBXTargetDependency section */
		4C1558592B10DAF90008F644 /* PBXTargetDependency */ = {
			isa = PBXTargetDependency;
			target = 4C1558402B10DAF80008F644 /* CleanYourCity */;
			targetProxy = 4C1558582B10DAF90008F644 /* PBXContainerItemProxy */;
		};
		4C1558632B10DAF90008F644 /* PBXTargetDependency */ = {
			isa = PBXTargetDependency;
			target = 4C1558402B10DAF80008F644 /* CleanYourCity */;
			targetProxy = 4C1558622B10DAF90008F644 /* PBXContainerItemProxy */;
		};
/* End PBXTargetDependency section */

/* Begin PBXVariantGroup section */
		4C15584A2B10DAF80008F644 /* Main.storyboard */ = {
			isa = PBXVariantGroup;
			children = (
				4C15584B2B10DAF80008F644 /* Base */,
			);
			name = Main.storyboard;
			sourceTree = "<group>";
		};
		4C15584F2B10DAF80008F644 /* LaunchScreen.storyboard */ = {
			isa = PBXVariantGroup;
			children = (
				4C1558502B10DAF80008F644 /* Base */,
			);
			name = LaunchScreen.storyboard;
			sourceTree = "<group>";
		};
/* End PBXVariantGroup section */

/* Begin XCBuildConfiguration section */
		4C1558692B10DAF90008F644 /* Debug */ = {
			isa = XCBuildConfiguration;
			buildSettings = {
				ALWAYS_SEARCH_USER_PATHS = NO;
				ASSETCATALOG_COMPILER_GENERATE_SWIFT_ASSET_SYMBOL_EXTENSIONS = YES;
				CLANG_ANALYZER_NONNULL = YES;
				CLANG_ANALYZER_NUMBER_OBJECT_CONVERSION = YES_AGGRESSIVE;
				CLANG_CXX_LANGUAGE_STANDARD = "gnu++20";
				CLANG_ENABLE_MODULES = YES;
				CLANG_ENABLE_OBJC_ARC = YES;
				CLANG_ENABLE_OBJC_WEAK = YES;
				CLANG_WARN_BLOCK_CAPTURE_AUTORELEASING = YES;
				CLANG_WARN_BOOL_CONVERSION = YES;
				CLANG_WARN_COMMA = YES;
				CLANG_WARN_CONSTANT_CONVERSION = YES;
				CLANG_WARN_DEPRECATED_OBJC_IMPLEMENTATIONS = YES;
				CLANG_WARN_DIRECT_OBJC_ISA_USAGE = YES_ERROR;
				CLANG_WARN_DOCUMENTATION_COMMENTS = YES;
				CLANG_WARN_EMPTY_BODY = YES;
				CLANG_WARN_ENUM_CONVERSION = YES;
				CLANG_WARN_INFINITE_RECURSION = YES;
				CLANG_WARN_INT_CONVERSION = YES;
				CLANG_WARN_NON_LITERAL_NULL_CONVERSION = YES;
				CLANG_WARN_OBJC_IMPLICIT_RETAIN_SELF = YES;
				CLANG_WARN_OBJC_LITERAL_CONVERSION = YES;
				CLANG_WARN_OBJC_ROOT_CLASS = YES_ERROR;
				CLANG_WARN_QUOTED_INCLUDE_IN_FRAMEWORK_HEADER = YES;
				CLANG_WARN_RANGE_LOOP_ANALYSIS = YES;
				CLANG_WARN_STRICT_PROTOTYPES = YES;
				CLANG_WARN_SUSPICIOUS_MOVE = YES;
				CLANG_WARN_UNGUARDED_AVAILABILITY = YES_AGGRESSIVE;
				CLANG_WARN_UNREACHABLE_CODE = YES;
				CLANG_WARN__DUPLICATE_METHOD_MATCH = YES;
				COPY_PHASE_STRIP = NO;
				DEBUG_INFORMATION_FORMAT = dwarf;
				ENABLE_STRICT_OBJC_MSGSEND = YES;
				ENABLE_TESTABILITY = YES;
				ENABLE_USER_SCRIPT_SANDBOXING = YES;
				GCC_C_LANGUAGE_STANDARD = gnu17;
				GCC_DYNAMIC_NO_PIC = NO;
				GCC_NO_COMMON_BLOCKS = YES;
				GCC_OPTIMIZATION_LEVEL = 0;
				GCC_PREPROCESSOR_DEFINITIONS = (
					"DEBUG=1",
					"$(inherited)",
				);
				GCC_WARN_64_TO_32_BIT_CONVERSION = YES;
				GCC_WARN_ABOUT_RETURN_TYPE = YES_ERROR;
				GCC_WARN_UNDECLARED_SELECTOR = YES;
				GCC_WARN_UNINITIALIZED_AUTOS = YES_AGGRESSIVE;
				GCC_WARN_UNUSED_FUNCTION = YES;
				GCC_WARN_UNUSED_VARIABLE = YES;
				IPHONEOS_DEPLOYMENT_TARGET = 17.0;
				LOCALIZATION_PREFERS_STRING_CATALOGS = YES;
				MTL_ENABLE_DEBUG_INFO = INCLUDE_SOURCE;
				MTL_FAST_MATH = YES;
				ONLY_ACTIVE_ARCH = YES;
				SDKROOT = iphoneos;
				SWIFT_ACTIVE_COMPILATION_CONDITIONS = "DEBUG $(inherited)";
				SWIFT_OPTIMIZATION_LEVEL = "-Onone";
			};
			name = Debug;
		};
		4C15586A2B10DAF90008F644 /* Release */ = {
			isa = XCBuildConfiguration;
			buildSettings = {
				ALWAYS_SEARCH_USER_PATHS = NO;
				ASSETCATALOG_COMPILER_GENERATE_SWIFT_ASSET_SYMBOL_EXTENSIONS = YES;
				CLANG_ANALYZER_NONNULL = YES;
				CLANG_ANALYZER_NUMBER_OBJECT_CONVERSION = YES_AGGRESSIVE;
				CLANG_CXX_LANGUAGE_STANDARD = "gnu++20";
				CLANG_ENABLE_MODULES = YES;
				CLANG_ENABLE_OBJC_ARC = YES;
				CLANG_ENABLE_OBJC_WEAK = YES;
				CLANG_WARN_BLOCK_CAPTURE_AUTORELEASING = YES;
				CLANG_WARN_BOOL_CONVERSION = YES;
				CLANG_WARN_COMMA = YES;
				CLANG_WARN_CONSTANT_CONVERSION = YES;
				CLANG_WARN_DEPRECATED_OBJC_IMPLEMENTATIONS = YES;
				CLANG_WARN_DIRECT_OBJC_ISA_USAGE = YES_ERROR;
				CLANG_WARN_DOCUMENTATION_COMMENTS = YES;
				CLANG_WARN_EMPTY_BODY = YES;
				CLANG_WARN_ENUM_CONVERSION = YES;
				CLANG_WARN_INFINITE_RECURSION = YES;
				CLANG_WARN_INT_CONVERSION = YES;
				CLANG_WARN_NON_LITERAL_NULL_CONVERSION = YES;
				CLANG_WARN_OBJC_IMPLICIT_RETAIN_SELF = YES;
				CLANG_WARN_OBJC_LITERAL_CONVERSION = YES;
				CLANG_WARN_OBJC_ROOT_CLASS = YES_ERROR;
				CLANG_WARN_QUOTED_INCLUDE_IN_FRAMEWORK_HEADER = YES;
				CLANG_WARN_RANGE_LOOP_ANALYSIS = YES;
				CLANG_WARN_STRICT_PROTOTYPES = YES;
				CLANG_WARN_SUSPICIOUS_MOVE = YES;
				CLANG_WARN_UNGUARDED_AVAILABILITY = YES_AGGRESSIVE;
				CLANG_WARN_UNREACHABLE_CODE = YES;
				CLANG_WARN__DUPLICATE_METHOD_MATCH = YES;
				COPY_PHASE_STRIP = NO;
				DEBUG_INFORMATION_FORMAT = "dwarf-with-dsym";
				ENABLE_NS_ASSERTIONS = NO;
				ENABLE_STRICT_OBJC_MSGSEND = YES;
				ENABLE_USER_SCRIPT_SANDBOXING = YES;
				GCC_C_LANGUAGE_STANDARD = gnu17;
				GCC_NO_COMMON_BLOCKS = YES;
				GCC_WARN_64_TO_32_BIT_CONVERSION = YES;
				GCC_WARN_ABOUT_RETURN_TYPE = YES_ERROR;
				GCC_WARN_UNDECLARED_SELECTOR = YES;
				GCC_WARN_UNINITIALIZED_AUTOS = YES_AGGRESSIVE;
				GCC_WARN_UNUSED_FUNCTION = YES;
				GCC_WARN_UNUSED_VARIABLE = YES;
				IPHONEOS_DEPLOYMENT_TARGET = 17.0;
				LOCALIZATION_PREFERS_STRING_CATALOGS = YES;
				MTL_ENABLE_DEBUG_INFO = NO;
				MTL_FAST_MATH = YES;
				SDKROOT = iphoneos;
				SWIFT_COMPILATION_MODE = wholemodule;
				VALIDATE_PRODUCT = YES;
			};
			name = Release;
		};
		4C15586C2B10DAF90008F644 /* Debug */ = {
			isa = XCBuildConfiguration;
			buildSettings = {
				ASSETCATALOG_COMPILER_APPICON_NAME = AppIcon;
				ASSETCATALOG_COMPILER_GLOBAL_ACCENT_COLOR_NAME = AccentColor;
				CODE_SIGN_STYLE = Automatic;
				CURRENT_PROJECT_VERSION = 1;
				DEVELOPMENT_TEAM = 9599KJ4WXS;
				GENERATE_INFOPLIST_FILE = YES;
				INFOPLIST_FILE = CleanYourCity/Info.plist;
				INFOPLIST_KEY_UIApplicationSupportsIndirectInputEvents = YES;
				INFOPLIST_KEY_UILaunchStoryboardName = LaunchScreen;
				INFOPLIST_KEY_UIMainStoryboardFile = Main;
				INFOPLIST_KEY_UISupportedInterfaceOrientations_iPad = "UIInterfaceOrientationPortrait UIInterfaceOrientationPortraitUpsideDown UIInterfaceOrientationLandscapeLeft UIInterfaceOrientationLandscapeRight";
				INFOPLIST_KEY_UISupportedInterfaceOrientations_iPhone = "UIInterfaceOrientationPortrait UIInterfaceOrientationLandscapeLeft UIInterfaceOrientationLandscapeRight";
				LD_RUNPATH_SEARCH_PATHS = (
					"$(inherited)",
					"@executable_path/Frameworks",
				);
				MARKETING_VERSION = 1.0;
				PRODUCT_BUNDLE_IDENTIFIER = MoblieComputing.CleanYourCity;
				PRODUCT_NAME = "$(TARGET_NAME)";
				SWIFT_EMIT_LOC_STRINGS = YES;
				SWIFT_VERSION = 5.0;
				TARGETED_DEVICE_FAMILY = "1,2";
			};
			name = Debug;
		};
		4C15586D2B10DAF90008F644 /* Release */ = {
			isa = XCBuildConfiguration;
			buildSettings = {
				ASSETCATALOG_COMPILER_APPICON_NAME = AppIcon;
				ASSETCATALOG_COMPILER_GLOBAL_ACCENT_COLOR_NAME = AccentColor;
				CODE_SIGN_STYLE = Automatic;
				CURRENT_PROJECT_VERSION = 1;
				DEVELOPMENT_TEAM = 9599KJ4WXS;
				GENERATE_INFOPLIST_FILE = YES;
				INFOPLIST_FILE = CleanYourCity/Info.plist;
				INFOPLIST_KEY_UIApplicationSupportsIndirectInputEvents = YES;
				INFOPLIST_KEY_UILaunchStoryboardName = LaunchScreen;
				INFOPLIST_KEY_UIMainStoryboardFile = Main;
				INFOPLIST_KEY_UISupportedInterfaceOrientations_iPad = "UIInterfaceOrientationPortrait UIInterfaceOrientationPortraitUpsideDown UIInterfaceOrientationLandscapeLeft UIInterfaceOrientationLandscapeRight";
				INFOPLIST_KEY_UISupportedInterfaceOrientations_iPhone = "UIInterfaceOrientationPortrait UIInterfaceOrientationLandscapeLeft UIInterfaceOrientationLandscapeRight";
				LD_RUNPATH_SEARCH_PATHS = (
					"$(inherited)",
					"@executable_path/Frameworks",
				);
				MARKETING_VERSION = 1.0;
				PRODUCT_BUNDLE_IDENTIFIER = MoblieComputing.CleanYourCity;
				PRODUCT_NAME = "$(TARGET_NAME)";
				SWIFT_EMIT_LOC_STRINGS = YES;
				SWIFT_VERSION = 5.0;
				TARGETED_DEVICE_FAMILY = "1,2";
			};
			name = Release;
		};
		4C15586F2B10DAF90008F644 /* Debug */ = {
			isa = XCBuildConfiguration;
			buildSettings = {
				ALWAYS_EMBED_SWIFT_STANDARD_LIBRARIES = YES;
				BUNDLE_LOADER = "$(TEST_HOST)";
				CODE_SIGN_STYLE = Automatic;
				CURRENT_PROJECT_VERSION = 1;
				DEVELOPMENT_TEAM = 9599KJ4WXS;
				GENERATE_INFOPLIST_FILE = YES;
				IPHONEOS_DEPLOYMENT_TARGET = 17.0;
				MARKETING_VERSION = 1.0;
				PRODUCT_BUNDLE_IDENTIFIER = MoblieComputing.CleanYourCityTests;
				PRODUCT_NAME = "$(TARGET_NAME)";
				SWIFT_EMIT_LOC_STRINGS = NO;
				SWIFT_VERSION = 5.0;
				TARGETED_DEVICE_FAMILY = "1,2";
				TEST_HOST = "$(BUILT_PRODUCTS_DIR)/CleanYourCity.app/$(BUNDLE_EXECUTABLE_FOLDER_PATH)/CleanYourCity";
			};
			name = Debug;
		};
		4C1558702B10DAF90008F644 /* Release */ = {
			isa = XCBuildConfiguration;
			buildSettings = {
				ALWAYS_EMBED_SWIFT_STANDARD_LIBRARIES = YES;
				BUNDLE_LOADER = "$(TEST_HOST)";
				CODE_SIGN_STYLE = Automatic;
				CURRENT_PROJECT_VERSION = 1;
				DEVELOPMENT_TEAM = 9599KJ4WXS;
				GENERATE_INFOPLIST_FILE = YES;
				IPHONEOS_DEPLOYMENT_TARGET = 17.0;
				MARKETING_VERSION = 1.0;
				PRODUCT_BUNDLE_IDENTIFIER = MoblieComputing.CleanYourCityTests;
				PRODUCT_NAME = "$(TARGET_NAME)";
				SWIFT_EMIT_LOC_STRINGS = NO;
				SWIFT_VERSION = 5.0;
				TARGETED_DEVICE_FAMILY = "1,2";
				TEST_HOST = "$(BUILT_PRODUCTS_DIR)/CleanYourCity.app/$(BUNDLE_EXECUTABLE_FOLDER_PATH)/CleanYourCity";
			};
			name = Release;
		};
		4C1558722B10DAF90008F644 /* Debug */ = {
			isa = XCBuildConfiguration;
			buildSettings = {
				ALWAYS_EMBED_SWIFT_STANDARD_LIBRARIES = YES;
				CODE_SIGN_STYLE = Automatic;
				CURRENT_PROJECT_VERSION = 1;
				DEVELOPMENT_TEAM = 9599KJ4WXS;
				GENERATE_INFOPLIST_FILE = YES;
				MARKETING_VERSION = 1.0;
				PRODUCT_BUNDLE_IDENTIFIER = MoblieComputing.CleanYourCityUITests;
				PRODUCT_NAME = "$(TARGET_NAME)";
				SWIFT_EMIT_LOC_STRINGS = NO;
				SWIFT_VERSION = 5.0;
				TARGETED_DEVICE_FAMILY = "1,2";
				TEST_TARGET_NAME = CleanYourCity;
			};
			name = Debug;
		};
		4C1558732B10DAF90008F644 /* Release */ = {
			isa = XCBuildConfiguration;
			buildSettings = {
				ALWAYS_EMBED_SWIFT_STANDARD_LIBRARIES = YES;
				CODE_SIGN_STYLE = Automatic;
				CURRENT_PROJECT_VERSION = 1;
				DEVELOPMENT_TEAM = 9599KJ4WXS;
				GENERATE_INFOPLIST_FILE = YES;
				MARKETING_VERSION = 1.0;
				PRODUCT_BUNDLE_IDENTIFIER = MoblieComputing.CleanYourCityUITests;
				PRODUCT_NAME = "$(TARGET_NAME)";
				SWIFT_EMIT_LOC_STRINGS = NO;
				SWIFT_VERSION = 5.0;
				TARGETED_DEVICE_FAMILY = "1,2";
				TEST_TARGET_NAME = CleanYourCity;
			};
			name = Release;
		};
/* End XCBuildConfiguration section */

/* Begin XCConfigurationList section */
		4C15583C2B10DAF80008F644 /* Build configuration list for PBXProject "CleanYourCity" */ = {
			isa = XCConfigurationList;
			buildConfigurations = (
				4C1558692B10DAF90008F644 /* Debug */,
				4C15586A2B10DAF90008F644 /* Release */,
			);
			defaultConfigurationIsVisible = 0;
			defaultConfigurationName = Release;
		};
		4C15586B2B10DAF90008F644 /* Build configuration list for PBXNativeTarget "CleanYourCity" */ = {
			isa = XCConfigurationList;
			buildConfigurations = (
				4C15586C2B10DAF90008F644 /* Debug */,
				4C15586D2B10DAF90008F644 /* Release */,
			);
			defaultConfigurationIsVisible = 0;
			defaultConfigurationName = Release;
		};
		4C15586E2B10DAF90008F644 /* Build configuration list for PBXNativeTarget "CleanYourCityTests" */ = {
			isa = XCConfigurationList;
			buildConfigurations = (
				4C15586F2B10DAF90008F644 /* Debug */,
				4C1558702B10DAF90008F644 /* Release */,
			);
			defaultConfigurationIsVisible = 0;
			defaultConfigurationName = Release;
		};
		4C1558712B10DAF90008F644 /* Build configuration list for PBXNativeTarget "CleanYourCityUITests" */ = {
			isa = XCConfigurationList;
			buildConfigurations = (
				4C1558722B10DAF90008F644 /* Debug */,
				4C1558732B10DAF90008F644 /* Release */,
			);
			defaultConfigurationIsVisible = 0;
			defaultConfigurationName = Release;
		};
/* End XCConfigurationList section */
	};
	rootObject = 4C1558392B10DAF80008F644 /* Project object */;
}
